
Microsoft Visual Studio Solution File, Format Version 12.00
# Visual Studio Version 17
VisualStudioVersion = 17.5.33516.290
MinimumVisualStudioVersion = 10.0.40219.1
Project("{FAE04EC0-301F-11D3-BF4B-00C04F79EFBC}") = "Base62", "Base62\Base62.csproj", "{A4DA25FE-0EB3-4C91-A0B7-23EE49DFD21A}"
EndProject
Project("{FAE04EC0-301F-11D3-BF4B-00C04F79EFBC}") = "Base62.Tests", "Base62.Tests\Base62.Tests.csproj", "{E2CBA376-ADDA-4BBB-8633-1F14491A0312}"
EndProject
Global
	GlobalSection(SolutionConfigurationPlatforms) = preSolution
		Debug|Any CPU = Debug|Any CPU
		Release|Any CPU = Release|Any CPU
	EndGlobalSection
	GlobalSection(ProjectConfigurationPlatforms) = postSolution
		{A4DA25FE-0EB3-4C91-A0B7-23EE49DFD21A}.Debug|Any CPU.ActiveCfg = Debug|Any CPU
		{A4DA25FE-0EB3-4C91-A0B7-23EE49DFD21A}.Debug|Any CPU.Build.0 = Debug|Any CPU
		{A4DA25FE-0EB3-4C91-A0B7-23EE49DFD21A}.Release|Any CPU.ActiveCfg = Release|Any CPU
		{A4DA25FE-0EB3-4C91-A0B7-23EE49DFD21A}.Release|Any CPU.Build.0 = Release|Any CPU
		{E2CBA376-ADDA-4BBB-8633-1F14491A0312}.Debug|Any CPU.ActiveCfg = Debug|Any CPU
		{E2CBA376-ADDA-4BBB-8633-1F14491A0312}.Debug|Any CPU.Build.0 = Debug|Any CPU
		{E2CBA376-ADDA-4BBB-8633-1F14491A0312}.Release|Any CPU.ActiveCfg = Release|Any CPU
		{E2CBA376-ADDA-4BBB-8633-1F14491A0312}.Release|Any CPU.Build.0 = Release|Any CPU
	EndGlobalSection
	GlobalSection(SolutionProperties) = preSolution
		HideSolutionNode = FALSE
	EndGlobalSection
	GlobalSection(ExtensibilityGlobals) = postSolution
		SolutionGuid = {4069690D-D4A2-4A60-8B49-AFC549D83CDA}
	EndGlobalSection
EndGlobal
